
Microsoft Visual Studio Solution File, Format Version 12.00
# Visual Studio Version 17
VisualStudioVersion = 17.0.31903.59
MinimumVisualStudioVersion = 10.0.40219.1
Project("{2150E333-8FDC-42A3-9474-1A3956D46DE8}") = "src", "src", "{718294C7-58DB-42E8-B304-C3B1054954AD}"
EndProject
Project("{FAE04EC0-301F-11D3-BF4B-00C04F79EFBC}") = "AuthServiceIN6BV.Domain", "src\AuthServiceIN6BV.Domain\AuthServiceIN6BV.Domain.csproj", "{C2926E19-1682-482C-80F6-BF4C5AD94A5F}"
EndProject
Project("{FAE04EC0-301F-11D3-BF4B-00C04F79EFBC}") = "AuthServiceIN6BV.Persistence", "src\AuthServiceIN6BV.Persistence\AuthServiceIN6BV.Persistence.csproj", "{3B5B010D-DC4D-42EA-BC66-665E1DBA94E6}"
EndProject
Project("{FAE04EC0-301F-11D3-BF4B-00C04F79EFBC}") = "AuthServiceIN6BV.Application", "src\AuthServiceIN6BV.Application\AuthServiceIN6BV.Application.csproj", "{1B180FDD-768A-4D79-BFAC-01F810176A67}"
EndProject
Project("{FAE04EC0-301F-11D3-BF4B-00C04F79EFBC}") = "AuthServiceIN6BV.Api", "src\AuthServiceIN6BV.Api\AuthServiceIN6BV.Api.csproj", "{B902CC74-ED99-40C6-A48B-34AF5FC3B3F3}"
EndProject
Global
	GlobalSection(SolutionConfigurationPlatforms) = preSolution
		Debug|Any CPU = Debug|Any CPU
		Release|Any CPU = Release|Any CPU
	EndGlobalSection
	GlobalSection(SolutionProperties) = preSolution
		HideSolutionNode = FALSE
	EndGlobalSection
	GlobalSection(ProjectConfigurationPlatforms) = postSolution
		{C2926E19-1682-482C-80F6-BF4C5AD94A5F}.Debug|Any CPU.ActiveCfg = Debug|Any CPU
		{C2926E19-1682-482C-80F6-BF4C5AD94A5F}.Debug|Any CPU.Build.0 = Debug|Any CPU
		{C2926E19-1682-482C-80F6-BF4C5AD94A5F}.Release|Any CPU.ActiveCfg = Release|Any CPU
		{C2926E19-1682-482C-80F6-BF4C5AD94A5F}.Release|Any CPU.Build.0 = Release|Any CPU
		{3B5B010D-DC4D-42EA-BC66-665E1DBA94E6}.Debug|Any CPU.ActiveCfg = Debug|Any CPU
		{3B5B010D-DC4D-42EA-BC66-665E1DBA94E6}.Debug|Any CPU.Build.0 = Debug|Any CPU
		{3B5B010D-DC4D-42EA-BC66-665E1DBA94E6}.Release|Any CPU.ActiveCfg = Release|Any CPU
		{3B5B010D-DC4D-42EA-BC66-665E1DBA94E6}.Release|Any CPU.Build.0 = Release|Any CPU
		{1B180FDD-768A-4D79-BFAC-01F810176A67}.Debug|Any CPU.ActiveCfg = Debug|Any CPU
		{1B180FDD-768A-4D79-BFAC-01F810176A67}.Debug|Any CPU.Build.0 = Debug|Any CPU
		{1B180FDD-768A-4D79-BFAC-01F810176A67}.Release|Any CPU.ActiveCfg = Release|Any CPU
		{1B180FDD-768A-4D79-BFAC-01F810176A67}.Release|Any CPU.Build.0 = Release|Any CPU
		{B902CC74-ED99-40C6-A48B-34AF5FC3B3F3}.Debug|Any CPU.ActiveCfg = Debug|Any CPU
		{B902CC74-ED99-40C6-A48B-34AF5FC3B3F3}.Debug|Any CPU.Build.0 = Debug|Any CPU
		{B902CC74-ED99-40C6-A48B-34AF5FC3B3F3}.Release|Any CPU.ActiveCfg = Release|Any CPU
		{B902CC74-ED99-40C6-A48B-34AF5FC3B3F3}.Release|Any CPU.Build.0 = Release|Any CPU
	EndGlobalSection
	GlobalSection(NestedProjects) = preSolution
		{C2926E19-1682-482C-80F6-BF4C5AD94A5F} = {718294C7-58DB-42E8-B304-C3B1054954AD}
		{3B5B010D-DC4D-42EA-BC66-665E1DBA94E6} = {718294C7-58DB-42E8-B304-C3B1054954AD}
		{1B180FDD-768A-4D79-BFAC-01F810176A67} = {718294C7-58DB-42E8-B304-C3B1054954AD}
		{B902CC74-ED99-40C6-A48B-34AF5FC3B3F3} = {718294C7-58DB-42E8-B304-C3B1054954AD}
	EndGlobalSection
EndGlobal
