Microsoft Visual Studio Solution File, Format Version 12.00
# Visual Studio Version 17
VisualStudioVersion = 17.5.2.0
MinimumVisualStudioVersion = 10.0.40219.1
Project("{FAE04EC0-301F-11D3-BF4B-00C04F79EFBC}") = "AuthServiceIN6BV.Application", "AuthServiceIN6BV.Application.csproj", "{00BAE764-18EE-0AD0-01DF-337C26EBC7F1}"
EndProject
Global
	GlobalSection(SolutionConfigurationPlatforms) = preSolution
		Debug|Any CPU = Debug|Any CPU
		Release|Any CPU = Release|Any CPU
	EndGlobalSection
	GlobalSection(ProjectConfigurationPlatforms) = postSolution
		{00BAE764-18EE-0AD0-01DF-337C26EBC7F1}.Debug|Any CPU.ActiveCfg = Debug|Any CPU
		{00BAE764-18EE-0AD0-01DF-337C26EBC7F1}.Debug|Any CPU.Build.0 = Debug|Any CPU
		{00BAE764-18EE-0AD0-01DF-337C26EBC7F1}.Release|Any CPU.ActiveCfg = Release|Any CPU
		{00BAE764-18EE-0AD0-01DF-337C26EBC7F1}.Release|Any CPU.Build.0 = Release|Any CPU
	EndGlobalSection
	GlobalSection(SolutionProperties) = preSolution
		HideSolutionNode = FALSE
	EndGlobalSection
	GlobalSection(ExtensibilityGlobals) = postSolution
		SolutionGuid = {719B7B6B-5984-47BE-A06C-DF792EA5290A}
	EndGlobalSection
EndGlobal
